
Microsoft Visual Studio Solution File, Format Version 12.00
# Visual Studio 15
VisualStudioVersion = 15.0.27703.2035
MinimumVisualStudioVersion = 10.0.40219.1
Project("{FAE04EC0-301F-11D3-BF4B-00C04F79EFBC}") = "SudokuSolver", "SudokuSolver\SudokuSolver.csproj", "{60A89611-B103-41FC-8467-7B1933E42BA3}"
EndProject
Global
	GlobalSection(SolutionConfigurationPlatforms) = preSolution
		Debug|Any CPU = Debug|Any CPU
		Release|Any CPU = Release|Any CPU
	EndGlobalSection
	GlobalSection(ProjectConfigurationPlatforms) = postSolution
		{60A89611-B103-41FC-8467-7B1933E42BA3}.Debug|Any CPU.ActiveCfg = Debug|Any CPU
		{60A89611-B103-41FC-8467-7B1933E42BA3}.Debug|Any CPU.Build.0 = Debug|Any CPU
		{60A89611-B103-41FC-8467-7B1933E42BA3}.Release|Any CPU.ActiveCfg = Release|Any CPU
		{60A89611-B103-41FC-8467-7B1933E42BA3}.Release|Any CPU.Build.0 = Release|Any CPU
	EndGlobalSection
	GlobalSection(SolutionProperties) = preSolution
		HideSolutionNode = FALSE
	EndGlobalSection
	GlobalSection(ExtensibilityGlobals) = postSolution
		SolutionGuid = {8D5ED1A8-DD76-470C-A6AF-3328495D2EE9}
	EndGlobalSection
EndGlobal
